{
  "version": 2,
  "dependencies": {
    "net10.0": {
      "Meziantou.Analyzer": {
        "type": "Direct",
        "requested": "[3.0.294, )",
        "resolved": "3.0.294",
        "contentHash": "j78ENG75OozcuL0OPSIjvgLaYI4F5nS8mpK02PlXCCCXj8A4CAIfpKw27ZPvG4k8TweGqParV8Dwm2VAwBBmgg=="
      },
      "Microsoft.CodeAnalysis.BannedApiAnalyzers": {
        "type": "Direct",
        "requested": "[5.6.0, )",
        "resolved": "5.6.0",
        "contentHash": "Kcobt3pnOdO0A+6CKiMHZdTEluJpsfxiV20axtZdmfBQnDmiWTKPJADlgAfdTuKNAnVarrkJa0UEGwuOo91muw=="
      },
      "Microsoft.NET.Test.Sdk": {
        "type": "Direct",
        "requested": "[18.10.1, )",
        "resolved": "18.10.1",
        "contentHash": "SxCFvJE/2ltUQgCgv6+Ixagohw4sZc9hM7Wid2foaNM7paBscktoHLoRDz91fW8wbHG87Rg9Ku59/8PXumqUrA==",
        "dependencies": {
          "Microsoft.CodeCoverage": "18.10.1",
          "Microsoft.TestPlatform.TestHost": "18.10.1"
        }
      },
      "Microsoft.VisualStudio.Threading.Analyzers": {
        "type": "Direct",
        "requested": "[18.7.23, )",
        "resolved": "18.7.23",
        "contentHash": "dyj6z8m+LFjpeH69hdnciCcRCmD0YgMlvuQEywiEshjqj/blgQ+PuWX8Vd5gkWQFoBN4e+TFxx6DvGNSv/gIKg=="
      },
      "NetFabric.Hyperlinq.Analyzer": {
        "type": "Direct",
        "requested": "[2.3.0, )",
        "resolved": "2.3.0",
        "contentHash": "xckR4WhI4q8Oy2k88sair3UEL+qtI0QbWbMKmItVTHqu23C/oQHcZHR4NFTy07J2KOa8P0ad9T/6vAsm8v/8tA=="
      },
      "Roslynator.Analyzers": {
        "type": "Direct",
        "requested": "[5.0.1, )",
        "resolved": "5.0.1",
        "contentHash": "sCZ0Di4B937wKa9pwKbdsE6Njr8A/FdCLw28+yDKyMaDZ/f8JWxcFn6NOCukzKhCG/eA6M2DbXlKkrPi0g0lIA=="
      },
      "xunit": {
        "type": "Direct",
        "requested": "[2.9.3, )",
        "resolved": "2.9.3",
        "contentHash": "TlXQBinK35LpOPKHAqbLY4xlEen9TBafjs0V5KnA4wZsoQLQJiirCR4CbIXvOH8NzkW4YeJKP5P/Bnrodm0h9Q==",
        "dependencies": {
          "xunit.analyzers": "1.18.0",
          "xunit.assert": "2.9.3",
          "xunit.core": "[2.9.3]"
        }
      },
      "xunit.analyzers": {
        "type": "Direct",
        "requested": "[2.1.0, )",
        "resolved": "2.1.0",
        "contentHash": "X7QXEcZQGz0G/HL4HUyK+aAvNa/IMGbOCnFIq4jD/Evktq12xANKwzOUr7b08vCmC1LXu/47qHWOdjm3KfaJ0A=="
      },
      "xunit.runner.visualstudio": {
        "type": "Direct",
        "requested": "[3.1.5, )",
        "resolved": "3.1.5",
        "contentHash": "tKi7dSTwP4m5m9eXPM2Ime4Kn7xNf4x4zT9sdLO/G4hZVnQCRiMTWoSZqI/pYTVeI27oPPqHBKYI/DjJ9GsYgA=="
      },
      "Grpc.AspNetCore.Server": {
        "type": "Transitive",
        "resolved": "2.84.0",
        "contentHash": "RXUkMjU+Hu5tvf5EXNoJlKX+ADvR2HERkNRznMFpsQQiHFsaQ+OYyhgomuLxAaiNuPUmCUGPxyiCdqq//lrQdg==",
        "dependencies": {
          "Grpc.Net.Common": "2.84.0"
        }
      },
      "Grpc.AspNetCore.Server.ClientFactory": {
        "type": "Transitive",
        "resolved": "2.84.0",
        "contentHash": "cH2s3vbzsyASKZQK2IMK82a6pUyvs+FuGz40i3V5FvpKmWuT9r+vQjn/SqTLtAVY87Vq3x/T/ROTMnT/cIUWqQ==",
        "dependencies": {
          "Grpc.AspNetCore.Server": "2.84.0",
          "Grpc.Net.ClientFactory": "2.84.0"
        }
      },
      "Grpc.Net.ClientFactory": {
        "type": "Transitive",
        "resolved": "2.84.0",
        "contentHash": "o14kDW7VGMdam+d60mcpvjRcOC5+klto1Ck8zPpTqqbMP37nh1itrnVahbOL1w1XYZezsbTuIC99iERO7SRXPQ==",
        "dependencies": {
          "Grpc.Net.Client": "2.84.0"
        }
      },
      "Grpc.Net.Common": {
        "type": "Transitive",
        "resolved": "2.84.0",
        "contentHash": "DPxm/H8G/lDRrz997wM0M2zN/PGqVeZKDakhBbtABEbv6WIW4HI9g3BvntBQT6ZUROuGacMzfyyF9e5kiTVFfQ==",
        "dependencies": {
          "Grpc.Core.Api": "2.84.0"
        }
      },
      "Microsoft.CodeCoverage": {
        "type": "Transitive",
        "resolved": "18.10.1",
        "contentHash": "tV7tCyp/t+DuwQugLkCeUN7NBFFB4fEGRPr0gkMQ2nQgAvQQjmGlZZi1dsLzbyoe/A0mbnKybmkIh8qhT9p4Zw=="
      },
      "Microsoft.Data.Sqlite.Core": {
        "type": "Transitive",
        "resolved": "10.0.12",
        "contentHash": "2aL9eL5HQr0V4b8V909SD+jQAx6qnTTl7sT/v3D8dIvmr2UGdpZIQxqm1pj2Js3e4EYTvpw0oMH7DjapJJuPPw==",
        "dependencies": {
          "SQLitePCLRaw.core": "2.1.12"
        }
      },
      "Microsoft.TestPlatform.ObjectModel": {
        "type": "Transitive",
        "resolved": "18.10.1",
        "contentHash": "o+PuLDRVp1iwiVAPBADZItXgm9Ck23XtPhE4kZtZVi0uYnMiiz1Dx9Cjh75kJ+ijfqnORL3VOTOaQVKi0f/ixg=="
      },
      "Microsoft.TestPlatform.TestHost": {
        "type": "Transitive",
        "resolved": "18.10.1",
        "contentHash": "KYz2omqkoz9E2mWa4fdgT+Ycie1wi5968EmyJlusjlp87RxxtA2FvDm8tcBEYIDzLnkWGnsKjE4d13Z7/rxkQA==",
        "dependencies": {
          "Microsoft.TestPlatform.ObjectModel": "18.10.1"
        }
      },
      "SQLitePCLRaw.bundle_e_sqlite3": {
        "type": "Transitive",
        "resolved": "2.1.12",
        "contentHash": "mAgscpQMLw5/nfA1Q5oJVAT29yROUo1ifZGbbTpx/lwZpSxMUGoYbKfmvdm8oXER+RzxqBmmQzeBEVKfeHv2nw==",
        "dependencies": {
          "SQLitePCLRaw.lib.e_sqlite3": "2.1.12",
          "SQLitePCLRaw.provider.e_sqlite3": "2.1.12"
        }
      },
      "SQLitePCLRaw.core": {
        "type": "Transitive",
        "resolved": "2.1.12",
        "contentHash": "ETpNw9DY3ckWLgRRAeCHj+GKOuPi61aeczkXhgHexUvqoZBAYg8RYESE2J7O1M7+o6QbdSEZwrw9bfqztUVWXg=="
      },
      "SQLitePCLRaw.lib.e_sqlite3": {
        "type": "Transitive",
        "resolved": "2.1.12",
        "contentHash": "fWi8Dbknuhgg72fWinIdjXVaqO1hHL4YBBwVLnr7e1c9TAZwJ0QE38j9syW1hwx6HaqEVTwI+O07WPdZn8Rp0w=="
      },
      "SQLitePCLRaw.provider.e_sqlite3": {
        "type": "Transitive",
        "resolved": "2.1.12",
        "contentHash": "W3oH4XIfCzFrgUSDKHhN6N+dgzA5YHOR2VxX8GB6Qy7CyrJJgxPEG8NirgYWlPQC5P2jz2knSsexWu4tDUL33g==",
        "dependencies": {
          "SQLitePCLRaw.core": "2.1.12"
        }
      },
      "xunit.abstractions": {
        "type": "Transitive",
        "resolved": "2.0.3",
        "contentHash": "pot1I4YOxlWjIb5jmwvvQNbTrZ3lJQ+jUGkGjWE3hEFM0l5gOnBWS+H3qsex68s5cO52g+44vpGzhAt+42vwKg=="
      },
      "xunit.assert": {
        "type": "Transitive",
        "resolved": "2.9.3",
        "contentHash": "/Kq28fCE7MjOV42YLVRAJzRF0WmEqsmflm0cfpMjGtzQ2lR5mYVj1/i0Y8uDAOLczkL3/jArrwehfMD0YogMAA=="
      },
      "xunit.core": {
        "type": "Transitive",
        "resolved": "2.9.3",
        "contentHash": "BiAEvqGvyme19wE0wTKdADH+NloYqikiU0mcnmiNyXaF9HyHmE6sr/3DC5vnBkgsWaE6yPyWszKSPSApWdRVeQ==",
        "dependencies": {
          "xunit.extensibility.core": "[2.9.3]",
          "xunit.extensibility.execution": "[2.9.3]"
        }
      },
      "xunit.extensibility.core": {
        "type": "Transitive",
        "resolved": "2.9.3",
        "contentHash": "kf3si0YTn2a8J8eZNb+zFpwfoyvIrQ7ivNk5ZYA5yuYk1bEtMe4DxJ2CF/qsRgmEnDr7MnW1mxylBaHTZ4qErA==",
        "dependencies": {
          "xunit.abstractions": "2.0.3"
        }
      },
      "xunit.extensibility.execution": {
        "type": "Transitive",
        "resolved": "2.9.3",
        "contentHash": "yMb6vMESlSrE3Wfj7V6cjQ3S4TXdXpRqYeNEI3zsX31uTsGMJjEw6oD5F5u1cHnMptjhEECnmZSsPxB6ChZHDQ==",
        "dependencies": {
          "xunit.extensibility.core": "[2.9.3]"
        }
      },
      "mk8.drava.application": {
        "type": "Project",
        "dependencies": {
          "Grpc.AspNetCore": "[2.84.0, )",
          "mk8.drava.Application.BLL": "[0.1.0-alpha.1, )",
          "mk8.drava.Application.DAL": "[0.1.0-alpha.1, )",
          "mk8.drava.Application.INF": "[0.1.0-alpha.1, )",
          "mk8.drava.Configuration": "[0.1.0-alpha.1, )",
          "mk8.drava.Contracts": "[0.1.0-alpha.1, )",
          "mk8.drava.Transport": "[0.1.0-alpha.1, )"
        }
      },
      "mk8.drava.application.bll": {
        "type": "Project",
        "dependencies": {
          "mk8.drava.Contracts": "[0.1.0-alpha.1, )"
        }
      },
      "mk8.drava.application.dal": {
        "type": "Project",
        "dependencies": {
          "Microsoft.Data.Sqlite": "[10.0.12, )",
          "YamlDotNet": "[17.1.0, )",
          "mk8.drava.Application.BLL": "[0.1.0-alpha.1, )",
          "mk8.drava.Contracts": "[0.1.0-alpha.1, )"
        }
      },
      "mk8.drava.application.inf": {
        "type": "Project",
        "dependencies": {
          "mk8.drava.Application.BLL": "[0.1.0-alpha.1, )",
          "mk8.drava.Application.DAL": "[0.1.0-alpha.1, )",
          "mk8.drava.Contracts": "[0.1.0-alpha.1, )",
          "mk8.drava.Transport": "[0.1.0-alpha.1, )"
        }
      },
      "mk8.drava.configuration": {
        "type": "Project"
      },
      "mk8.drava.contracts": {
        "type": "Project"
      },
      "mk8.drava.gateway": {
        "type": "Project",
        "dependencies": {
          "mk8.drava.Configuration": "[0.1.0-alpha.1, )",
          "mk8.drava.Contracts": "[0.1.0-alpha.1, )",
          "mk8.drava.Presentation": "[0.1.0-alpha.1, )",
          "mk8.drava.Transport": "[0.1.0-alpha.1, )"
        }
      },
      "mk8.drava.presentation": {
        "type": "Project",
        "dependencies": {
          "mk8.drava.Configuration": "[0.1.0-alpha.1, )",
          "mk8.drava.Contracts": "[0.1.0-alpha.1, )",
          "mk8.drava.Transport": "[0.1.0-alpha.1, )"
        }
      },
      "mk8.drava.transport": {
        "type": "Project",
        "dependencies": {
          "Google.Protobuf": "[3.36.2, )",
          "Grpc.Core.Api": "[2.84.0, )",
          "Grpc.Net.Client": "[2.84.0, )",
          "Haukcode.Mdns": "[1.0.21, )",
          "mk8.drava.Configuration": "[0.1.0-alpha.1, )",
          "mk8.drava.Contracts": "[0.1.0-alpha.1, )"
        }
      },
      "Google.Protobuf": {
        "type": "CentralTransitive",
        "requested": "[3.36.2, )",
        "resolved": "3.36.2",
        "contentHash": "Ci1q1iJg74qAE5riTA2FbMS0wPbpruPQI/JQ9DrAsRo2VsSxgt1e/pmxGxgrci+pXJEgrSYg2vPl8rrStZkclQ=="
      },
      "Grpc.AspNetCore": {
        "type": "CentralTransitive",
        "requested": "[2.84.0, )",
        "resolved": "2.84.0",
        "contentHash": "mbHMTTCnuimxj2W87YpE6F/EIfJplmrsgMZHRFtdFUaRur3G6dMpO4J1mVsRZCld1Ez/a+yWs3JOElUINXutqA==",
        "dependencies": {
          "Google.Protobuf": "3.35.1",
          "Grpc.AspNetCore.Server.ClientFactory": "2.84.0",
          "Grpc.Tools": "2.84.0"
        }
      },
      "Grpc.Core.Api": {
        "type": "CentralTransitive",
        "requested": "[2.84.0, )",
        "resolved": "2.84.0",
        "contentHash": "p2SOMl6q/GZ4/5MLkgboC/z55g4zKUEruRn/g46QgppjQBVnsLZVBU/9VO7n60ll38G3Eo8Zu9b7x+W01GKFVg=="
      },
      "Grpc.Net.Client": {
        "type": "CentralTransitive",
        "requested": "[2.84.0, )",
        "resolved": "2.84.0",
        "contentHash": "My6Fms2YCyAbihTBZZ3kLS39iTY2pkMAzGDBTC6XhPOujg70eB07AEJ7tPiW3tZ70bhFzHcc3+d4j3DaIPF3aA==",
        "dependencies": {
          "Grpc.Net.Common": "2.84.0"
        }
      },
      "Grpc.Tools": {
        "type": "CentralTransitive",
        "requested": "[2.84.0, )",
        "resolved": "2.84.0",
        "contentHash": "SarjdfpQYU/mmdu/fWgSW8kEHQ54jiyG2+I4THu9eubtAud+QJf+1iJdGtoKTJ/ZRaI0qAG+7ttsK2WUTao2OQ=="
      },
      "Haukcode.Mdns": {
        "type": "CentralTransitive",
        "requested": "[1.0.21, )",
        "resolved": "1.0.21",
        "contentHash": "rXdSM868bKQzlRxC4iS40VgmOLouRNPstV4WyfciGNQ6hKqxbVTNC6FimcIzmh4u1zlaTaz3kFee0BkV04uyiA=="
      },
      "Microsoft.Data.Sqlite": {
        "type": "CentralTransitive",
        "requested": "[10.0.12, )",
        "resolved": "10.0.12",
        "contentHash": "xUq9xUc653ue7ac2rMfCaf8UQN+U3zS8poWYlugycpvJllplMM0Mk7v/+MM0CTlu9zGvbGML4BPH8YWhrUOfGw==",
        "dependencies": {
          "Microsoft.Data.Sqlite.Core": "10.0.12",
          "SQLitePCLRaw.bundle_e_sqlite3": "2.1.12",
          "SQLitePCLRaw.core": "2.1.12"
        }
      },
      "YamlDotNet": {
        "type": "CentralTransitive",
        "requested": "[17.1.0, )",
        "resolved": "17.1.0",
        "contentHash": "AhsNXgeAs3Ugt653t8LC44xXDuldFfwBpWbWX9pN3e4Yg8U5Bk8jLn8eXtGv5HV2V2nHu7F46fqsPC+tpcTGAA=="
      }
    }
  }
}